{
  "name": "simple-urljs",
  "version": "0.0.2",
  "lockfileVersion": 1,
  "requires": true,
  "dependencies": {
    "simple-valjs": {
      "version": "0.0.1",
      "resolved": "https://registry.npmjs.org/simple-valjs/-/simple-valjs-0.0.1.tgz",
      "integrity": "sha512-tGoqcsHk5YE5cMHh1PVDrLCZb44siC2QDzg/i7tTZn+knqQOVp5CvQELLEiyRGBkL012KSq4U0puSutdw5Xz/A=="
    }
  }
}
